
Microsoft Visual Studio Solution File, Format Version 12.00
# Visual Studio Version 17
VisualStudioVersion = 17.11.35327.3
MinimumVisualStudioVersion = 10.0.40219.1
Project("{2150E333-8FDC-42A3-9474-1A3956D46DE8}") = "03 - Domain", "03 - Domain", "{7C6BBE84-C092-4088-8CE3-16F5E8B1067A}"
EndProject
Project("{2150E333-8FDC-42A3-9474-1A3956D46DE8}") = "01 - API", "01 - API", "{CA3E54E4-E11C-4567-B032-149EB6CF0809}"
EndProject
Project("{2150E333-8FDC-42A3-9474-1A3956D46DE8}") = "04 - Infra", "04 - Infra", "{AB3875F9-EE9F-40C2-9490-089C9F2AA436}"
EndProject
Project("{2150E333-8FDC-42A3-9474-1A3956D46DE8}") = "05 - Tests", "05 - Tests", "{9F119B45-D6F9-4CCA-AA92-83141B9649A7}"
EndProject
Project("{FAE04EC0-301F-11D3-BF4B-00C04F79EFBC}") = "Rommanel.Data", "Rommanel.Data\Rommanel.Data.csproj", "{E0A058D8-9641-919A-DCF6-9C97CC919B52}"
EndProject
Project("{FAE04EC0-301F-11D3-BF4B-00C04F79EFBC}") = "Rommanel.API", "Rommanel.API\Rommanel.API.csproj", "{5991BEE5-073B-49FF-8835-AF1C1A512B8B}"
EndProject
Project("{FAE04EC0-301F-11D3-BF4B-00C04F79EFBC}") = "Rommanel.Domain", "Rommanel.Domain\Rommanel.Domain.csproj", "{7B910ED1-9CEB-9746-64DE-66FE9E4657E5}"
EndProject
Project("{FAE04EC0-301F-11D3-BF4B-00C04F79EFBC}") = "Rommanel.Tests", "Rommanel.Tests\Rommanel.Tests\Rommanel.Tests.csproj", "{589F0F03-E457-497D-B7F7-83C6B134F4B6}"
EndProject
Project("{2150E333-8FDC-42A3-9474-1A3956D46DE8}") = "02 - Application", "02 - Application", "{02EA681E-C7D8-13C7-8484-4AC65E1B71E8}"
EndProject
Project("{FAE04EC0-301F-11D3-BF4B-00C04F79EFBC}") = "Application", "Rommanel.Application\Application\Application.csproj", "{F496139E-1736-49D8-BC72-3FCA24EE7567}"
EndProject
Global
	GlobalSection(SolutionConfigurationPlatforms) = preSolution
		Debug|Any CPU = Debug|Any CPU
		Release|Any CPU = Release|Any CPU
	EndGlobalSection
	GlobalSection(ProjectConfigurationPlatforms) = postSolution
		{E0A058D8-9641-919A-DCF6-9C97CC919B52}.Debug|Any CPU.ActiveCfg = Debug|Any CPU
		{E0A058D8-9641-919A-DCF6-9C97CC919B52}.Debug|Any CPU.Build.0 = Debug|Any CPU
		{E0A058D8-9641-919A-DCF6-9C97CC919B52}.Release|Any CPU.ActiveCfg = Release|Any CPU
		{E0A058D8-9641-919A-DCF6-9C97CC919B52}.Release|Any CPU.Build.0 = Release|Any CPU
		{5991BEE5-073B-49FF-8835-AF1C1A512B8B}.Debug|Any CPU.ActiveCfg = Debug|Any CPU
		{5991BEE5-073B-49FF-8835-AF1C1A512B8B}.Debug|Any CPU.Build.0 = Debug|Any CPU
		{5991BEE5-073B-49FF-8835-AF1C1A512B8B}.Release|Any CPU.ActiveCfg = Release|Any CPU
		{5991BEE5-073B-49FF-8835-AF1C1A512B8B}.Release|Any CPU.Build.0 = Release|Any CPU
		{7B910ED1-9CEB-9746-64DE-66FE9E4657E5}.Debug|Any CPU.ActiveCfg = Debug|Any CPU
		{7B910ED1-9CEB-9746-64DE-66FE9E4657E5}.Debug|Any CPU.Build.0 = Debug|Any CPU
		{7B910ED1-9CEB-9746-64DE-66FE9E4657E5}.Release|Any CPU.ActiveCfg = Release|Any CPU
		{7B910ED1-9CEB-9746-64DE-66FE9E4657E5}.Release|Any CPU.Build.0 = Release|Any CPU
		{589F0F03-E457-497D-B7F7-83C6B134F4B6}.Debug|Any CPU.ActiveCfg = Debug|Any CPU
		{589F0F03-E457-497D-B7F7-83C6B134F4B6}.Debug|Any CPU.Build.0 = Debug|Any CPU
		{589F0F03-E457-497D-B7F7-83C6B134F4B6}.Release|Any CPU.ActiveCfg = Release|Any CPU
		{589F0F03-E457-497D-B7F7-83C6B134F4B6}.Release|Any CPU.Build.0 = Release|Any CPU
		{F496139E-1736-49D8-BC72-3FCA24EE7567}.Debug|Any CPU.ActiveCfg = Debug|Any CPU
		{F496139E-1736-49D8-BC72-3FCA24EE7567}.Debug|Any CPU.Build.0 = Debug|Any CPU
		{F496139E-1736-49D8-BC72-3FCA24EE7567}.Release|Any CPU.ActiveCfg = Release|Any CPU
		{F496139E-1736-49D8-BC72-3FCA24EE7567}.Release|Any CPU.Build.0 = Release|Any CPU
	EndGlobalSection
	GlobalSection(SolutionProperties) = preSolution
		HideSolutionNode = FALSE
	EndGlobalSection
	GlobalSection(NestedProjects) = preSolution
		{E0A058D8-9641-919A-DCF6-9C97CC919B52} = {AB3875F9-EE9F-40C2-9490-089C9F2AA436}
		{5991BEE5-073B-49FF-8835-AF1C1A512B8B} = {CA3E54E4-E11C-4567-B032-149EB6CF0809}
		{7B910ED1-9CEB-9746-64DE-66FE9E4657E5} = {7C6BBE84-C092-4088-8CE3-16F5E8B1067A}
		{589F0F03-E457-497D-B7F7-83C6B134F4B6} = {9F119B45-D6F9-4CCA-AA92-83141B9649A7}
		{F496139E-1736-49D8-BC72-3FCA24EE7567} = {02EA681E-C7D8-13C7-8484-4AC65E1B71E8}
	EndGlobalSection
	GlobalSection(ExtensibilityGlobals) = postSolution
		SolutionGuid = {4F17EA80-2B11-4580-A99A-4D1FA9DE2244}
	EndGlobalSection
EndGlobal
